// !$*UTF8*$!
{
	archiveVersion = 1;
	classes = {
	};
	objectVersion = 50;
	objects = {

/* Begin PBXBuildFile section */
		9458907B24A498C900945A62 /* Photo.swift in Sources */ = {isa = PBXBuildFile; fileRef = 9458907A24A498C900945A62 /* Photo.swift */; };
		9458908124A49B3300945A62 /* ImageURLs.swift in Sources */ = {isa = PBXBuildFile; fileRef = 9458908024A49B3300945A62 /* ImageURLs.swift */; };
		9458908424A49B7900945A62 /* Links.swift in Sources */ = {isa = PBXBuildFile; fileRef = 9458908324A49B7900945A62 /* Links.swift */; };
		9458908724A4AAA300945A62 /* DataRequest.swift in Sources */ = {isa = PBXBuildFile; fileRef = 9458908624A4AAA300945A62 /* DataRequest.swift */; };
		9458908B24A4C6CB00945A62 /* UnsplashConfiguration.swift in Sources */ = {isa = PBXBuildFile; fileRef = 9458908A24A4C6CB00945A62 /* UnsplashConfiguration.swift */; };
		9458908F24A4CAB600945A62 /* Configuration.swift in Sources */ = {isa = PBXBuildFile; fileRef = 9458908E24A4CAB600945A62 /* Configuration.swift */; };
		949B722124A6A7A300C63301 /* User.swift in Sources */ = {isa = PBXBuildFile; fileRef = 949B722024A6A7A300C63301 /* User.swift */; };
		949BACE024A47FD20094455A /* AppDelegate.swift in Sources */ = {isa = PBXBuildFile; fileRef = 949BACDF24A47FD20094455A /* AppDelegate.swift */; };
		949BACE424A47FD20094455A /* ViewController.swift in Sources */ = {isa = PBXBuildFile; fileRef = 949BACE324A47FD20094455A /* ViewController.swift */; };
		949BACE724A47FD20094455A /* Main.storyboard in Resources */ = {isa = PBXBuildFile; fileRef = 949BACE524A47FD20094455A /* Main.storyboard */; };
		949BACE924A47FD30094455A /* Assets.xcassets in Resources */ = {isa = PBXBuildFile; fileRef = 949BACE824A47FD30094455A /* Assets.xcassets */; };
		949BACEC24A47FD30094455A /* LaunchScreen.storyboard in Resources */ = {isa = PBXBuildFile; fileRef = 949BACEA24A47FD30094455A /* LaunchScreen.storyboard */; };
		94ACB15824A61D1900B3FC53 /* ImageCell.swift in Sources */ = {isa = PBXBuildFile; fileRef = 94ACB15724A61D1900B3FC53 /* ImageCell.swift */; };
		94ACB16124A6371400B3FC53 /* PhotoDetailViewController.swift in Sources */ = {isa = PBXBuildFile; fileRef = 94ACB16024A6371400B3FC53 /* PhotoDetailViewController.swift */; };
		94ACB16324A6402C00B3FC53 /* SearchRequest.swift in Sources */ = {isa = PBXBuildFile; fileRef = 94ACB16224A6402C00B3FC53 /* SearchRequest.swift */; };
		94ACB16524A6686C00B3FC53 /* ViewModel.swift in Sources */ = {isa = PBXBuildFile; fileRef = 94ACB16424A6686C00B3FC53 /* ViewModel.swift */; };
		94B13817256A4B4B005C3A7D /* ReceiveData.swift in Sources */ = {isa = PBXBuildFile; fileRef = 94B13816256A4B4B005C3A7D /* ReceiveData.swift */; };
/* End PBXBuildFile section */

/* Begin PBXFileReference section */
		9458907A24A498C900945A62 /* Photo.swift */ = {isa = PBXFileReference; lastKnownFileType = sourcecode.swift; path = Photo.swift; sourceTree = "<group>"; };
		9458908024A49B3300945A62 /* ImageURLs.swift */ = {isa = PBXFileReference; lastKnownFileType = sourcecode.swift; path = ImageURLs.swift; sourceTree = "<group>"; };
		9458908324A49B7900945A62 /* Links.swift */ = {isa = PBXFileReference; lastKnownFileType = sourcecode.swift; path = Links.swift; sourceTree = "<group>"; };
		9458908624A4AAA300945A62 /* DataRequest.swift */ = {isa = PBXFileReference; lastKnownFileType = sourcecode.swift; path = DataRequest.swift; sourceTree = "<group>"; };
		9458908A24A4C6CB00945A62 /* UnsplashConfiguration.swift */ = {isa = PBXFileReference; lastKnownFileType = sourcecode.swift; path = UnsplashConfiguration.swift; sourceTree = "<group>"; };
		9458908E24A4CAB600945A62 /* Configuration.swift */ = {isa = PBXFileReference; lastKnownFileType = sourcecode.swift; path = Configuration.swift; sourceTree = "<group>"; };
		949B722024A6A7A300C63301 /* User.swift */ = {isa = PBXFileReference; lastKnownFileType = sourcecode.swift; path = User.swift; sourceTree = "<group>"; };
		949BACDC24A47FD20094455A /* photoApp.app */ = {isa = PBXFileReference; explicitFileType = wrapper.application; includeInIndex = 0; path = photoApp.app; sourceTree = BUILT_PRODUCTS_DIR; };
		949BACDF24A47FD20094455A /* AppDelegate.swift */ = {isa = PBXFileReference; lastKnownFileType = sourcecode.swift; path = AppDelegate.swift; sourceTree = "<group>"; };
		949BACE324A47FD20094455A /* ViewController.swift */ = {isa = PBXFileReference; lastKnownFileType = sourcecode.swift; path = ViewController.swift; sourceTree = "<group>"; };
		949BACE624A47FD20094455A /* Base */ = {isa = PBXFileReference; lastKnownFileType = file.storyboard; name = Base; path = Base.lproj/Main.storyboard; sourceTree = "<group>"; };
		949BACE824A47FD30094455A /* Assets.xcassets */ = {isa = PBXFileReference; lastKnownFileType = folder.assetcatalog; path = Assets.xcassets; sourceTree = "<group>"; };
		949BACEB24A47FD30094455A /* Base */ = {isa = PBXFileReference; lastKnownFileType = file.storyboard; name = Base; path = Base.lproj/LaunchScreen.storyboard; sourceTree = "<group>"; };
		949BACED24A47FD30094455A /* Info.plist */ = {isa = PBXFileReference; lastKnownFileType = text.plist.xml; path = Info.plist; sourceTree = "<group>"; };
		94ACB15724A61D1900B3FC53 /* ImageCell.swift */ = {isa = PBXFileReference; lastKnownFileType = sourcecode.swift; path = ImageCell.swift; sourceTree = "<group>"; };
		94ACB16024A6371400B3FC53 /* PhotoDetailViewController.swift */ = {isa = PBXFileReference; lastKnownFileType = sourcecode.swift; path = PhotoDetailViewController.swift; sourceTree = "<group>"; };
		94ACB16224A6402C00B3FC53 /* SearchRequest.swift */ = {isa = PBXFileReference; lastKnownFileType = sourcecode.swift; path = SearchRequest.swift; sourceTree = "<group>"; };
		94ACB16424A6686C00B3FC53 /* ViewModel.swift */ = {isa = PBXFileReference; lastKnownFileType = sourcecode.swift; path = ViewModel.swift; sourceTree = "<group>"; };
		94B13816256A4B4B005C3A7D /* ReceiveData.swift */ = {isa = PBXFileReference; lastKnownFileType = sourcecode.swift; path = ReceiveData.swift; sourceTree = "<group>"; };
/* End PBXFileReference section */

/* Begin PBXFrameworksBuildPhase section */
		949BACD924A47FD20094455A /* Frameworks */ = {
			isa = PBXFrameworksBuildPhase;
			buildActionMask = 2147483647;
			files = (
			);
			runOnlyForDeploymentPostprocessing = 0;
		};
/* End PBXFrameworksBuildPhase section */

/* Begin PBXGroup section */
		9458907924A498B500945A62 /* Model */ = {
			isa = PBXGroup;
			children = (
				9458907A24A498C900945A62 /* Photo.swift */,
				9458908024A49B3300945A62 /* ImageURLs.swift */,
				9458908324A49B7900945A62 /* Links.swift */,
				949B722024A6A7A300C63301 /* User.swift */,
			);
			path = Model;
			sourceTree = "<group>";
		};
		9458908524A49E3900945A62 /* Service */ = {
			isa = PBXGroup;
			children = (
				9458908624A4AAA300945A62 /* DataRequest.swift */,
				94ACB16224A6402C00B3FC53 /* SearchRequest.swift */,
			);
			path = Service;
			sourceTree = "<group>";
		};
		9458908924A4C6A300945A62 /* Configurations */ = {
			isa = PBXGroup;
			children = (
				9458908A24A4C6CB00945A62 /* UnsplashConfiguration.swift */,
				9458908E24A4CAB600945A62 /* Configuration.swift */,
			);
			path = Configurations;
			sourceTree = "<group>";
		};
		9458909024A4D0C500945A62 /* View */ = {
			isa = PBXGroup;
			children = (
				94ACB15724A61D1900B3FC53 /* ImageCell.swift */,
			);
			path = View;
			sourceTree = "<group>";
		};
		9458909324A4D47300945A62 /* Resources */ = {
			isa = PBXGroup;
			children = (
				949BACE824A47FD30094455A /* Assets.xcassets */,
			);
			path = Resources;
			sourceTree = "<group>";
		};
		949BACD324A47FD20094455A = {
			isa = PBXGroup;
			children = (
				949BACDE24A47FD20094455A /* photoApp */,
				949BACDD24A47FD20094455A /* Products */,
			);
			sourceTree = "<group>";
		};
		949BACDD24A47FD20094455A /* Products */ = {
			isa = PBXGroup;
			children = (
				949BACDC24A47FD20094455A /* photoApp.app */,
			);
			name = Products;
			sourceTree = "<group>";
		};
		949BACDE24A47FD20094455A /* photoApp */ = {
			isa = PBXGroup;
			children = (
				94ACB16624A66A2E00B3FC53 /* ViewModel */,
				94ACB15F24A62A4E00B3FC53 /* Controllers */,
				9458909324A4D47300945A62 /* Resources */,
				9458909024A4D0C500945A62 /* View */,
				9458908924A4C6A300945A62 /* Configurations */,
				9458908524A49E3900945A62 /* Service */,
				9458907924A498B500945A62 /* Model */,
				949BACDF24A47FD20094455A /* AppDelegate.swift */,
				949BACE524A47FD20094455A /* Main.storyboard */,
				949BACEA24A47FD30094455A /* LaunchScreen.storyboard */,
				949BACED24A47FD30094455A /* Info.plist */,
			);
			path = photoApp;
			sourceTree = "<group>";
		};
		94ACB15F24A62A4E00B3FC53 /* Controllers */ = {
			isa = PBXGroup;
			children = (
				94B13815256A4B18005C3A7D /* Protocols */,
				949BACE324A47FD20094455A /* ViewController.swift */,
				94ACB16024A6371400B3FC53 /* PhotoDetailViewController.swift */,
			);
			path = Controllers;
			sourceTree = "<group>";
		};
		94ACB16624A66A2E00B3FC53 /* ViewModel */ = {
			isa = PBXGroup;
			children = (
				94ACB16424A6686C00B3FC53 /* ViewModel.swift */,
			);
			path = ViewModel;
			sourceTree = "<group>";
		};
		94B13815256A4B18005C3A7D /* Protocols */ = {
			isa = PBXGroup;
			children = (
				94B13816256A4B4B005C3A7D /* ReceiveData.swift */,
			);
			path = Protocols;
			sourceTree = "<group>";
		};
/* End PBXGroup section */

/* Begin PBXNativeTarget section */
		949BACDB24A47FD20094455A /* photoApp */ = {
			isa = PBXNativeTarget;
			buildConfigurationList = 949BACF024A47FD30094455A /* Build configuration list for PBXNativeTarget "photoApp" */;
			buildPhases = (
				949BACD824A47FD20094455A /* Sources */,
				949BACD924A47FD20094455A /* Frameworks */,
				949BACDA24A47FD20094455A /* Resources */,
			);
			buildRules = (
			);
			dependencies = (
			);
			name = photoApp;
			productName = photoApp;
			productReference = 949BACDC24A47FD20094455A /* photoApp.app */;
			productType = "com.apple.product-type.application";
		};
/* End PBXNativeTarget section */

/* Begin PBXProject section */
		949BACD424A47FD20094455A /* Project object */ = {
			isa = PBXProject;
			attributes = {
				LastSwiftUpdateCheck = 1150;
				LastUpgradeCheck = 1150;
				ORGANIZATIONNAME = kakaopay;
				TargetAttributes = {
					949BACDB24A47FD20094455A = {
						CreatedOnToolsVersion = 11.5;
					};
				};
			};
			buildConfigurationList = 949BACD724A47FD20094455A /* Build configuration list for PBXProject "photoApp" */;
			compatibilityVersion = "Xcode 9.3";
			developmentRegion = en;
			hasScannedForEncodings = 0;
			knownRegions = (
				en,
				Base,
			);
			mainGroup = 949BACD324A47FD20094455A;
			productRefGroup = 949BACDD24A47FD20094455A /* Products */;
			projectDirPath = "";
			projectRoot = "";
			targets = (
				949BACDB24A47FD20094455A /* photoApp */,
			);
		};
/* End PBXProject section */

/* Begin PBXResourcesBuildPhase section */
		949BACDA24A47FD20094455A /* Resources */ = {
			isa = PBXResourcesBuildPhase;
			buildActionMask = 2147483647;
			files = (
				949BACEC24A47FD30094455A /* LaunchScreen.storyboard in Resources */,
				949BACE924A47FD30094455A /* Assets.xcassets in Resources */,
				949BACE724A47FD20094455A /* Main.storyboard in Resources */,
			);
			runOnlyForDeploymentPostprocessing = 0;
		};
/* End PBXResourcesBuildPhase section */

/* Begin PBXSourcesBuildPhase section */
		949BACD824A47FD20094455A /* Sources */ = {
			isa = PBXSourcesBuildPhase;
			buildActionMask = 2147483647;
			files = (
				94ACB16324A6402C00B3FC53 /* SearchRequest.swift in Sources */,
				9458908724A4AAA300945A62 /* DataRequest.swift in Sources */,
				9458907B24A498C900945A62 /* Photo.swift in Sources */,
				94ACB15824A61D1900B3FC53 /* ImageCell.swift in Sources */,
				9458908424A49B7900945A62 /* Links.swift in Sources */,
				949B722124A6A7A300C63301 /* User.swift in Sources */,
				94ACB16524A6686C00B3FC53 /* ViewModel.swift in Sources */,
				94ACB16124A6371400B3FC53 /* PhotoDetailViewController.swift in Sources */,
				9458908F24A4CAB600945A62 /* Configuration.swift in Sources */,
				9458908B24A4C6CB00945A62 /* UnsplashConfiguration.swift in Sources */,
				9458908124A49B3300945A62 /* ImageURLs.swift in Sources */,
				94B13817256A4B4B005C3A7D /* ReceiveData.swift in Sources */,
				949BACE424A47FD20094455A /* ViewController.swift in Sources */,
				949BACE024A47FD20094455A /* AppDelegate.swift in Sources */,
			);
			runOnlyForDeploymentPostprocessing = 0;
		};
/* End PBXSourcesBuildPhase section */

/* Begin PBXVariantGroup section */
		949BACE524A47FD20094455A /* Main.storyboard */ = {
			isa = PBXVariantGroup;
			children = (
				949BACE624A47FD20094455A /* Base */,
			);
			name = Main.storyboard;
			sourceTree = "<group>";
		};
		949BACEA24A47FD30094455A /* LaunchScreen.storyboard */ = {
			isa = PBXVariantGroup;
			children = (
				949BACEB24A47FD30094455A /* Base */,
			);
			name = LaunchScreen.storyboard;
			sourceTree = "<group>";
		};
/* End PBXVariantGroup section */

/* Begin XCBuildConfiguration section */
		949BACEE24A47FD30094455A /* Debug */ = {
			isa = XCBuildConfiguration;
			buildSettings = {
				ALWAYS_SEARCH_USER_PATHS = NO;
				CLANG_ANALYZER_NONNULL = YES;
				CLANG_ANALYZER_NUMBER_OBJECT_CONVERSION = YES_AGGRESSIVE;
				CLANG_CXX_LANGUAGE_STANDARD = "gnu++14";
				CLANG_CXX_LIBRARY = "libc++";
				CLANG_ENABLE_MODULES = YES;
				CLANG_ENABLE_OBJC_ARC = YES;
				CLANG_ENABLE_OBJC_WEAK = YES;
				CLANG_WARN_BLOCK_CAPTURE_AUTORELEASING = YES;
				CLANG_WARN_BOOL_CONVERSION = YES;
				CLANG_WARN_COMMA = YES;
				CLANG_WARN_CONSTANT_CONVERSION = YES;
				CLANG_WARN_DEPRECATED_OBJC_IMPLEMENTATIONS = YES;
				CLANG_WARN_DIRECT_OBJC_ISA_USAGE = YES_ERROR;
				CLANG_WARN_DOCUMENTATION_COMMENTS = YES;
				CLANG_WARN_EMPTY_BODY = YES;
				CLANG_WARN_ENUM_CONVERSION = YES;
				CLANG_WARN_INFINITE_RECURSION = YES;
				CLANG_WARN_INT_CONVERSION = YES;
				CLANG_WARN_NON_LITERAL_NULL_CONVERSION = YES;
				CLANG_WARN_OBJC_IMPLICIT_RETAIN_SELF = YES;
				CLANG_WARN_OBJC_LITERAL_CONVERSION = YES;
				CLANG_WARN_OBJC_ROOT_CLASS = YES_ERROR;
				CLANG_WARN_RANGE_LOOP_ANALYSIS = YES;
				CLANG_WARN_STRICT_PROTOTYPES = YES;
				CLANG_WARN_SUSPICIOUS_MOVE = YES;
				CLANG_WARN_UNGUARDED_AVAILABILITY = YES_AGGRESSIVE;
				CLANG_WARN_UNREACHABLE_CODE = YES;
				CLANG_WARN__DUPLICATE_METHOD_MATCH = YES;
				COPY_PHASE_STRIP = NO;
				DEBUG_INFORMATION_FORMAT = dwarf;
				ENABLE_STRICT_OBJC_MSGSEND = YES;
				ENABLE_TESTABILITY = YES;
				GCC_C_LANGUAGE_STANDARD = gnu11;
				GCC_DYNAMIC_NO_PIC = NO;
				GCC_NO_COMMON_BLOCKS = YES;
				GCC_OPTIMIZATION_LEVEL = 0;
				GCC_PREPROCESSOR_DEFINITIONS = (
					"DEBUG=1",
					"$(inherited)",
				);
				GCC_WARN_64_TO_32_BIT_CONVERSION = YES;
				GCC_WARN_ABOUT_RETURN_TYPE = YES_ERROR;
				GCC_WARN_UNDECLARED_SELECTOR = YES;
				GCC_WARN_UNINITIALIZED_AUTOS = YES_AGGRESSIVE;
				GCC_WARN_UNUSED_FUNCTION = YES;
				GCC_WARN_UNUSED_VARIABLE = YES;
				IPHONEOS_DEPLOYMENT_TARGET = 13.5;
				MTL_ENABLE_DEBUG_INFO = INCLUDE_SOURCE;
				MTL_FAST_MATH = YES;
				ONLY_ACTIVE_ARCH = YES;
				SDKROOT = iphoneos;
				SWIFT_ACTIVE_COMPILATION_CONDITIONS = DEBUG;
				SWIFT_OPTIMIZATION_LEVEL = "-Onone";
			};
			name = Debug;
		};
		949BACEF24A47FD30094455A /* Release */ = {
			isa = XCBuildConfiguration;
			buildSettings = {
				ALWAYS_SEARCH_USER_PATHS = NO;
				CLANG_ANALYZER_NONNULL = YES;
				CLANG_ANALYZER_NUMBER_OBJECT_CONVERSION = YES_AGGRESSIVE;
				CLANG_CXX_LANGUAGE_STANDARD = "gnu++14";
				CLANG_CXX_LIBRARY = "libc++";
				CLANG_ENABLE_MODULES = YES;
				CLANG_ENABLE_OBJC_ARC = YES;
				CLANG_ENABLE_OBJC_WEAK = YES;
				CLANG_WARN_BLOCK_CAPTURE_AUTORELEASING = YES;
				CLANG_WARN_BOOL_CONVERSION = YES;
				CLANG_WARN_COMMA = YES;
				CLANG_WARN_CONSTANT_CONVERSION = YES;
				CLANG_WARN_DEPRECATED_OBJC_IMPLEMENTATIONS = YES;
				CLANG_WARN_DIRECT_OBJC_ISA_USAGE = YES_ERROR;
				CLANG_WARN_DOCUMENTATION_COMMENTS = YES;
				CLANG_WARN_EMPTY_BODY = YES;
				CLANG_WARN_ENUM_CONVERSION = YES;
				CLANG_WARN_INFINITE_RECURSION = YES;
				CLANG_WARN_INT_CONVERSION = YES;
				CLANG_WARN_NON_LITERAL_NULL_CONVERSION = YES;
				CLANG_WARN_OBJC_IMPLICIT_RETAIN_SELF = YES;
				CLANG_WARN_OBJC_LITERAL_CONVERSION = YES;
				CLANG_WARN_OBJC_ROOT_CLASS = YES_ERROR;
				CLANG_WARN_RANGE_LOOP_ANALYSIS = YES;
				CLANG_WARN_STRICT_PROTOTYPES = YES;
				CLANG_WARN_SUSPICIOUS_MOVE = YES;
				CLANG_WARN_UNGUARDED_AVAILABILITY = YES_AGGRESSIVE;
				CLANG_WARN_UNREACHABLE_CODE = YES;
				CLANG_WARN__DUPLICATE_METHOD_MATCH = YES;
				COPY_PHASE_STRIP = NO;
				DEBUG_INFORMATION_FORMAT = "dwarf-with-dsym";
				ENABLE_NS_ASSERTIONS = NO;
				ENABLE_STRICT_OBJC_MSGSEND = YES;
				GCC_C_LANGUAGE_STANDARD = gnu11;
				GCC_NO_COMMON_BLOCKS = YES;
				GCC_WARN_64_TO_32_BIT_CONVERSION = YES;
				GCC_WARN_ABOUT_RETURN_TYPE = YES_ERROR;
				GCC_WARN_UNDECLARED_SELECTOR = YES;
				GCC_WARN_UNINITIALIZED_AUTOS = YES_AGGRESSIVE;
				GCC_WARN_UNUSED_FUNCTION = YES;
				GCC_WARN_UNUSED_VARIABLE = YES;
				IPHONEOS_DEPLOYMENT_TARGET = 13.5;
				MTL_ENABLE_DEBUG_INFO = NO;
				MTL_FAST_MATH = YES;
				SDKROOT = iphoneos;
				SWIFT_COMPILATION_MODE = wholemodule;
				SWIFT_OPTIMIZATION_LEVEL = "-O";
				VALIDATE_PRODUCT = YES;
			};
			name = Release;
		};
		949BACF124A47FD30094455A /* Debug */ = {
			isa = XCBuildConfiguration;
			buildSettings = {
				ASSETCATALOG_COMPILER_APPICON_NAME = AppIcon;
				CODE_SIGN_STYLE = Automatic;
				DEVELOPMENT_TEAM = 9QH6CVAEYP;
				INFOPLIST_FILE = photoApp/Info.plist;
				IPHONEOS_DEPLOYMENT_TARGET = 12.0;
				LD_RUNPATH_SEARCH_PATHS = (
					"$(inherited)",
					"@executable_path/Frameworks",
				);
				PRODUCT_BUNDLE_IDENTIFIER = com.kakaopay.photoApp;
				PRODUCT_NAME = "$(TARGET_NAME)";
				SWIFT_VERSION = 5.0;
				TARGETED_DEVICE_FAMILY = "1,2";
			};
			name = Debug;
		};
		949BACF224A47FD30094455A /* Release */ = {
			isa = XCBuildConfiguration;
			buildSettings = {
				ASSETCATALOG_COMPILER_APPICON_NAME = AppIcon;
				CODE_SIGN_STYLE = Automatic;
				DEVELOPMENT_TEAM = 9QH6CVAEYP;
				INFOPLIST_FILE = photoApp/Info.plist;
				IPHONEOS_DEPLOYMENT_TARGET = 12.0;
				LD_RUNPATH_SEARCH_PATHS = (
					"$(inherited)",
					"@executable_path/Frameworks",
				);
				PRODUCT_BUNDLE_IDENTIFIER = com.kakaopay.photoApp;
				PRODUCT_NAME = "$(TARGET_NAME)";
				SWIFT_VERSION = 5.0;
				TARGETED_DEVICE_FAMILY = "1,2";
			};
			name = Release;
		};
/* End XCBuildConfiguration section */

/* Begin XCConfigurationList section */
		949BACD724A47FD20094455A /* Build configuration list for PBXProject "photoApp" */ = {
			isa = XCConfigurationList;
			buildConfigurations = (
				949BACEE24A47FD30094455A /* Debug */,
				949BACEF24A47FD30094455A /* Release */,
			);
			defaultConfigurationIsVisible = 0;
			defaultConfigurationName = Release;
		};
		949BACF024A47FD30094455A /* Build configuration list for PBXNativeTarget "photoApp" */ = {
			isa = XCConfigurationList;
			buildConfigurations = (
				949BACF124A47FD30094455A /* Debug */,
				949BACF224A47FD30094455A /* Release */,
			);
			defaultConfigurationIsVisible = 0;
			defaultConfigurationName = Release;
		};
/* End XCConfigurationList section */
	};
	rootObject = 949BACD424A47FD20094455A /* Project object */;
}
